
Microsoft Visual Studio Solution File, Format Version 12.00
# Visual Studio 15
VisualStudioVersion = 15.0.28010.0
MinimumVisualStudioVersion = 10.0.40219.1
Project("{FAE04EC0-301F-11D3-BF4B-00C04F79EFBC}") = "SalaryCalculator.Console", "KalkulatorWynagrodzen\SalaryCalculator.Console.csproj", "{4838D048-9948-4204-9127-5662FB22A5D4}"
EndProject
Project("{9A19103F-16F7-4668-BE54-9A1E7A4F7556}") = "SalaryCalculator", "SalaryCalculator\SalaryCalculator.csproj", "{70633D9E-19A7-4DFF-8FB7-69B04CA6CBF3}"
EndProject
Project("{9A19103F-16F7-4668-BE54-9A1E7A4F7556}") = "FileTranslator", "ConfigurationFileTranslator\FileTranslator.csproj", "{5D23FE78-E6AF-4A46-8BB4-04D5D760AEB5}"
EndProject
Project("{FAE04EC0-301F-11D3-BF4B-00C04F79EFBC}") = "SalaryCalculator.Console.Tests", "Console.Tests\SalaryCalculator.Console.Tests.csproj", "{A0F4B775-F559-4907-AB55-ABFC892F693A}"
EndProject
Project("{FAE04EC0-301F-11D3-BF4B-00C04F79EFBC}") = "SalaryCalculator.Dekstop", "SalaryCalculator.Dekstop\SalaryCalculator.Dekstop.csproj", "{F6DE349F-350B-45FD-8335-8C50E9FA6D69}"
EndProject
Project("{FAE04EC0-301F-11D3-BF4B-00C04F79EFBC}") = "SalaryCalculator.Tests", "SalaryCalculator.Tests\SalaryCalculator.Tests.csproj", "{821771CF-2FAD-4ED6-A40A-F388E0E33500}"
EndProject
Project("{FAE04EC0-301F-11D3-BF4B-00C04F79EFBC}") = "ParsingUtilities", "ParsingUtilities\ParsingUtilities.csproj", "{E78628D3-A11D-45A4-92BA-82BEB6131226}"
EndProject
Project("{2150E333-8FDC-42A3-9474-1A3956D46DE8}") = "src", "src", "{ECB56D0C-3535-42F2-BDDF-BAC6DC9C77B5}"
EndProject
Project("{2150E333-8FDC-42A3-9474-1A3956D46DE8}") = "tests", "tests", "{0E4C938C-EB24-4053-B3CE-CCF443C342A7}"
EndProject
Global
	GlobalSection(SolutionConfigurationPlatforms) = preSolution
		Debug|Any CPU = Debug|Any CPU
		Release|Any CPU = Release|Any CPU
	EndGlobalSection
	GlobalSection(ProjectConfigurationPlatforms) = postSolution
		{4838D048-9948-4204-9127-5662FB22A5D4}.Debug|Any CPU.ActiveCfg = Debug|Any CPU
		{4838D048-9948-4204-9127-5662FB22A5D4}.Debug|Any CPU.Build.0 = Debug|Any CPU
		{4838D048-9948-4204-9127-5662FB22A5D4}.Release|Any CPU.ActiveCfg = Release|Any CPU
		{4838D048-9948-4204-9127-5662FB22A5D4}.Release|Any CPU.Build.0 = Release|Any CPU
		{70633D9E-19A7-4DFF-8FB7-69B04CA6CBF3}.Debug|Any CPU.ActiveCfg = Debug|Any CPU
		{70633D9E-19A7-4DFF-8FB7-69B04CA6CBF3}.Debug|Any CPU.Build.0 = Debug|Any CPU
		{70633D9E-19A7-4DFF-8FB7-69B04CA6CBF3}.Release|Any CPU.ActiveCfg = Release|Any CPU
		{70633D9E-19A7-4DFF-8FB7-69B04CA6CBF3}.Release|Any CPU.Build.0 = Release|Any CPU
		{5D23FE78-E6AF-4A46-8BB4-04D5D760AEB5}.Debug|Any CPU.ActiveCfg = Debug|Any CPU
		{5D23FE78-E6AF-4A46-8BB4-04D5D760AEB5}.Debug|Any CPU.Build.0 = Debug|Any CPU
		{5D23FE78-E6AF-4A46-8BB4-04D5D760AEB5}.Release|Any CPU.ActiveCfg = Release|Any CPU
		{5D23FE78-E6AF-4A46-8BB4-04D5D760AEB5}.Release|Any CPU.Build.0 = Release|Any CPU
		{A0F4B775-F559-4907-AB55-ABFC892F693A}.Debug|Any CPU.ActiveCfg = Debug|Any CPU
		{A0F4B775-F559-4907-AB55-ABFC892F693A}.Debug|Any CPU.Build.0 = Debug|Any CPU
		{A0F4B775-F559-4907-AB55-ABFC892F693A}.Release|Any CPU.ActiveCfg = Release|Any CPU
		{A0F4B775-F559-4907-AB55-ABFC892F693A}.Release|Any CPU.Build.0 = Release|Any CPU
		{F6DE349F-350B-45FD-8335-8C50E9FA6D69}.Debug|Any CPU.ActiveCfg = Debug|Any CPU
		{F6DE349F-350B-45FD-8335-8C50E9FA6D69}.Debug|Any CPU.Build.0 = Debug|Any CPU
		{F6DE349F-350B-45FD-8335-8C50E9FA6D69}.Release|Any CPU.ActiveCfg = Release|Any CPU
		{F6DE349F-350B-45FD-8335-8C50E9FA6D69}.Release|Any CPU.Build.0 = Release|Any CPU
		{821771CF-2FAD-4ED6-A40A-F388E0E33500}.Debug|Any CPU.ActiveCfg = Debug|Any CPU
		{821771CF-2FAD-4ED6-A40A-F388E0E33500}.Debug|Any CPU.Build.0 = Debug|Any CPU
		{821771CF-2FAD-4ED6-A40A-F388E0E33500}.Release|Any CPU.ActiveCfg = Release|Any CPU
		{821771CF-2FAD-4ED6-A40A-F388E0E33500}.Release|Any CPU.Build.0 = Release|Any CPU
		{E78628D3-A11D-45A4-92BA-82BEB6131226}.Debug|Any CPU.ActiveCfg = Debug|Any CPU
		{E78628D3-A11D-45A4-92BA-82BEB6131226}.Debug|Any CPU.Build.0 = Debug|Any CPU
		{E78628D3-A11D-45A4-92BA-82BEB6131226}.Release|Any CPU.ActiveCfg = Release|Any CPU
		{E78628D3-A11D-45A4-92BA-82BEB6131226}.Release|Any CPU.Build.0 = Release|Any CPU
	EndGlobalSection
	GlobalSection(SolutionProperties) = preSolution
		HideSolutionNode = FALSE
	EndGlobalSection
	GlobalSection(NestedProjects) = preSolution
		{4838D048-9948-4204-9127-5662FB22A5D4} = {ECB56D0C-3535-42F2-BDDF-BAC6DC9C77B5}
		{70633D9E-19A7-4DFF-8FB7-69B04CA6CBF3} = {ECB56D0C-3535-42F2-BDDF-BAC6DC9C77B5}
		{5D23FE78-E6AF-4A46-8BB4-04D5D760AEB5} = {ECB56D0C-3535-42F2-BDDF-BAC6DC9C77B5}
		{A0F4B775-F559-4907-AB55-ABFC892F693A} = {0E4C938C-EB24-4053-B3CE-CCF443C342A7}
		{F6DE349F-350B-45FD-8335-8C50E9FA6D69} = {ECB56D0C-3535-42F2-BDDF-BAC6DC9C77B5}
		{821771CF-2FAD-4ED6-A40A-F388E0E33500} = {0E4C938C-EB24-4053-B3CE-CCF443C342A7}
		{E78628D3-A11D-45A4-92BA-82BEB6131226} = {ECB56D0C-3535-42F2-BDDF-BAC6DC9C77B5}
	EndGlobalSection
	GlobalSection(ExtensibilityGlobals) = postSolution
		SolutionGuid = {480E9C94-E902-47B0-973A-B7796B6D3FFF}
	EndGlobalSection
EndGlobal
